{
  "name": "crud-example-app-ts-boostr-frontend",
  "version": "1.0.0",
  "lockfileVersion": 2,
  "requires": true,
  "packages": {
    "": {
      "name": "crud-example-app-ts-boostr-frontend",
      "version": "1.0.0",
      "dependencies": {
        "@layr/component": "^2.0.31",
        "@layr/component-http-client": "^2.0.42",
        "@layr/react-integration": "^2.0.107",
        "@layr/routable": "^2.0.84",
        "@layr/storable": "^2.0.49",
        "react": "^17.0.1",
        "react-dom": "^17.0.1"
      },
      "devDependencies": {
        "@boostr/tsconfig": "^1.0.0",
        "@types/node": "^14.17.19",
        "@types/react": "^17.0.24",
        "@types/react-dom": "^17.0.9"
      }
    },
    "node_modules/@boostr/tsconfig": {
      "version": "1.0.2",
      "resolved": "https://registry.npmjs.org/@boostr/tsconfig/-/tsconfig-1.0.2.tgz",
      "integrity": "sha512-1UacYfED0RrS1TRFK0303h1R8QO3iJvS8CW1UZBaWFZklh/dfS7rf84vLHe1Ir7cVGupynX2SYuLgX1BjURLlA==",
      "dev": true,
      "engines": {
        "node": ">=10.0.0"
      }
    },
    "node_modules/@deepr/runtime": {
      "version": "1.0.6",
      "resolved": "https://registry.npmjs.org/@deepr/runtime/-/runtime-1.0.6.tgz",
      "integrity": "sha512-g8tugVuUGVRfQ0FQeSFYIFcTLpMtn6Rdejq6HwMCfvl8Ke0uwqpfiH+ez0pa7uI2etHHeTJSeZuMY7CooPsb5g==",
      "dependencies": {
        "core-helpers": "^1.0.3",
        "possibly-async": "^1.0.4",
        "tslib": "^2.0.3"
      },
      "engines": {
        "node": ">=10.0.0"
      }
    },
    "node_modules/@layr/browser-navigator": {
      "version": "2.0.43",
      "resolved": "https://registry.npmjs.org/@layr/browser-navigator/-/browser-navigator-2.0.43.tgz",
      "integrity": "sha512-U4WRiAVK6Smp9KWW35i4n3OLUALNlQb88jJmqHgvx1TBDS2mam/MbVsaCIgtrPO6nl+OviKuJAYYYqUhOSC91g==",
      "dependencies": {
        "@layr/navigator": "^2.0.34",
        "core-helpers": "^1.0.3",
        "lodash": "^4.17.21",
        "tslib": "^2.3.1"
      },
      "engines": {
        "node": ">=10.0.0"
      }
    },
    "node_modules/@layr/component": {
      "version": "2.0.31",
      "resolved": "https://registry.npmjs.org/@layr/component/-/component-2.0.31.tgz",
      "integrity": "sha512-aUdAy0tD72+Rs/Umgn8JJuB72GV5ix7n+YLuMgyx6uS362a94yGB7lGn3jVJDkSYhLqDyfxfXtbTHum6WFM/bA==",
      "dependencies": {
        "@layr/observable": "^1.0.11",
        "@layr/utilities": "^1.0.5",
        "core-helpers": "^1.0.3",
        "cuid": "^2.1.8",
        "lodash": "^4.17.21",
        "possibly-async": "^1.0.4",
        "simple-cloning": "^1.0.1",
        "simple-forking": "^1.0.3",
        "simple-serialization": "^1.0.6",
        "tslib": "^2.3.1"
      },
      "engines": {
        "node": ">=10.0.0"
      }
    },
    "node_modules/@layr/component-client": {
      "version": "2.0.54",
      "resolved": "https://registry.npmjs.org/@layr/component-client/-/component-client-2.0.54.tgz",
      "integrity": "sha512-wJ/+G00WVIeVlTtVinjlxSW0+azafuQl9bLcc5hcfSIxie4JBnGbon1Lj497+cK5MiigKodmovBA6COQkr9BHQ==",
      "dependencies": {
        "@layr/component": "^2.0.31",
        "@layr/component-server": "^2.0.45",
        "core-helpers": "^1.0.3",
        "debug": "^4.3.2",
        "lodash": "^4.17.21",
        "microbatcher": "^2.0.4",
        "possibly-async": "^1.0.4",
        "tslib": "^2.3.1"
      },
      "engines": {
        "node": ">=10.0.0"
      }
    },
    "node_modules/@layr/component-http-client": {
      "version": "2.0.44",
      "resolved": "https://registry.npmjs.org/@layr/component-http-client/-/component-http-client-2.0.44.tgz",
      "integrity": "sha512-EhwbyB3CdvNisx1drB0wvNg8DgrsAKfOvbdsnRgJM8ha1Iybqp9UuivT64Smljju7UW+54y2J8kSbNQlt1C4dw==",
      "dependencies": {
        "@layr/component-client": "^2.0.54",
        "@layr/utilities": "^1.0.5",
        "core-helpers": "^1.0.3",
        "cross-fetch": "^3.1.4",
        "tslib": "^2.3.1"
      },
      "engines": {
        "node": ">=10.0.0"
      }
    },
    "node_modules/@layr/component-server": {
      "version": "2.0.45",
      "resolved": "https://registry.npmjs.org/@layr/component-server/-/component-server-2.0.45.tgz",
      "integrity": "sha512-joR4no9VdcJXf1ZmQtjgzbisqOzrA978CrhqT1Y9ceNh36VjmYzJyXoPwAozFUbxngpjirvHBD4XnJuUuJbt9g==",
      "dependencies": {
        "@deepr/runtime": "^1.0.6",
        "@layr/component": "^2.0.31",
        "core-helpers": "^1.0.3",
        "debug": "^4.3.2",
        "lodash": "^4.17.21",
        "possibly-async": "^1.0.4",
        "tslib": "^2.3.1"
      },
      "engines": {
        "node": ">=10.0.0"
      }
    },
    "node_modules/@layr/memory-navigator": {
      "version": "2.0.36",
      "resolved": "https://registry.npmjs.org/@layr/memory-navigator/-/memory-navigator-2.0.36.tgz",
      "integrity": "sha512-aTQVJqWODmDUMohPLWW3RB9dA9K6y8DeMOH2CyPjzVnVmN0wv2V0pu8RctAC0CMhBcFIojrU5UWuqnwvpl13xw==",
      "dependencies": {
        "@layr/navigator": "^2.0.34",
        "tslib": "^2.3.1"
      },
      "engines": {
        "node": ">=10.0.0"
      }
    },
    "node_modules/@layr/navigator": {
      "version": "2.0.34",
      "resolved": "https://registry.npmjs.org/@layr/navigator/-/navigator-2.0.34.tgz",
      "integrity": "sha512-T+PIFYxYJtX8yrIYlrrN+0mfz5zIz1zlpbni1BHkvjfLahjP1T63RR3ahRDScEdBlYnqSr05MTe50eokZAyUhg==",
      "dependencies": {
        "@layr/component": "^2.0.31",
        "@layr/observable": "^1.0.11",
        "core-helpers": "^1.0.3",
        "possibly-async": "^1.0.4",
        "qs": "^6.10.1",
        "tslib": "^2.3.1"
      },
      "engines": {
        "node": ">=10.0.0"
      }
    },
    "node_modules/@layr/observable": {
      "version": "1.0.11",
      "resolved": "https://registry.npmjs.org/@layr/observable/-/observable-1.0.11.tgz",
      "integrity": "sha512-PK+993MBizLhUFE9N0vNufzGod2cV2qkxGg0pje52tr8nDoMwSh7BMF3TxWPwTXr1YN0DZktxAZqTJ38fUEHOA==",
      "dependencies": {
        "core-helpers": "^1.0.3",
        "tslib": "^2.3.1"
      },
      "engines": {
        "node": ">=10.0.0"
      }
    },
    "node_modules/@layr/react-integration": {
      "version": "2.0.109",
      "resolved": "https://registry.npmjs.org/@layr/react-integration/-/react-integration-2.0.109.tgz",
      "integrity": "sha512-GF1jhoW87xbrBRd1hCaStjsu9Aa3R/Jb1QWWLUxo/4yvJl0eA3+Xhc0OprK7JyKvg6fYwSunkUJrl/ec7ViQEA==",
      "dependencies": {
        "@layr/browser-navigator": "^2.0.43",
        "@layr/component": "^2.0.31",
        "@layr/memory-navigator": "^2.0.36",
        "@layr/navigator": "^2.0.34",
        "@layr/observable": "^1.0.11",
        "@layr/routable": "^2.0.84",
        "@layr/utilities": "^1.0.5",
        "core-helpers": "^1.0.3",
        "lodash": "^4.17.21",
        "tslib": "^2.3.1"
      },
      "engines": {
        "node": ">=10.0.0"
      },
      "peerDependencies": {
        "react": ">=16.13.1"
      }
    },
    "node_modules/@layr/routable": {
      "version": "2.0.84",
      "resolved": "https://registry.npmjs.org/@layr/routable/-/routable-2.0.84.tgz",
      "integrity": "sha512-RIT1G8hWI7rfBAJL9AV9jXivBuXX1jg+0zfX9i3sOdPblkKO1Mwuu0jneoDmT5znv9etOiIwC0MspSzuZ1jUGQ==",
      "dependencies": {
        "@layr/component": "^2.0.31",
        "@layr/navigator": "^2.0.34",
        "core-helpers": "^1.0.3",
        "debug": "^4.3.2",
        "lodash": "^4.17.21",
        "possibly-async": "^1.0.4",
        "tslib": "^2.3.1"
      },
      "engines": {
        "node": ">=10.0.0"
      }
    },
    "node_modules/@layr/storable": {
      "version": "2.0.49",
      "resolved": "https://registry.npmjs.org/@layr/storable/-/storable-2.0.49.tgz",
      "integrity": "sha512-FAfR4gflFjzaT/W7XBUD/HI8vbXi4SGJ5vBU1DTt99FNv5+cE+Kkwk+8pYRxEnB6/dA2rk6usFT0e//9ZrK65g==",
      "dependencies": {
        "@layr/component": "^2.0.31",
        "core-helpers": "^1.0.3",
        "lodash": "^4.17.21",
        "tslib": "^2.3.1"
      },
      "engines": {
        "node": ">=10.0.0"
      }
    },
    "node_modules/@layr/utilities": {
      "version": "1.0.5",
      "resolved": "https://registry.npmjs.org/@layr/utilities/-/utilities-1.0.5.tgz",
      "integrity": "sha512-GqQ/dnLzU5OEodlM3JtyuKUVSul1UZgcBKqzX2kDwU/K8ANmg6bbG09LILBezbqDcXIKlYPZ9lixVALE+uUTkg==",
      "dependencies": {
        "tslib": "^2.3.1"
      },
      "engines": {
        "node": ">=10.0.0"
      }
    },
    "node_modules/@types/node": {
      "version": "14.18.4",
      "resolved": "https://registry.npmjs.org/@types/node/-/node-14.18.4.tgz",
      "integrity": "sha512-swe3lD4izOJWHuxvsZdDFRq6S9i6koJsXOnQKYekhSO5JTizMVirUFgY/bUsaOJQj8oSD4oxmRYPBM/0b6jpdw==",
      "dev": true
    },
    "node_modules/@types/prop-types": {
      "version": "15.7.4",
      "resolved": "https://registry.npmjs.org/@types/prop-types/-/prop-types-15.7.4.tgz",
      "integrity": "sha512-rZ5drC/jWjrArrS8BR6SIr4cWpW09RNTYt9AMZo3Jwwif+iacXAqgVjm0B0Bv/S1jhDXKHqRVNCbACkJ89RAnQ==",
      "dev": true
    },
    "node_modules/@types/react": {
      "version": "17.0.38",
      "resolved": "https://registry.npmjs.org/@types/react/-/react-17.0.38.tgz",
      "integrity": "sha512-SI92X1IA+FMnP3qM5m4QReluXzhcmovhZnLNm3pyeQlooi02qI7sLiepEYqT678uNiyc25XfCqxREFpy3W7YhQ==",
      "dev": true,
      "dependencies": {
        "@types/prop-types": "*",
        "@types/scheduler": "*",
        "csstype": "^3.0.2"
      }
    },
    "node_modules/@types/react-dom": {
      "version": "17.0.11",
      "resolved": "https://registry.npmjs.org/@types/react-dom/-/react-dom-17.0.11.tgz",
      "integrity": "sha512-f96K3k+24RaLGVu/Y2Ng3e1EbZ8/cVJvypZWd7cy0ofCBaf2lcM46xNhycMZ2xGwbBjRql7hOlZ+e2WlJ5MH3Q==",
      "dev": true,
      "dependencies": {
        "@types/react": "*"
      }
    },
    "node_modules/@types/scheduler": {
      "version": "0.16.2",
      "resolved": "https://registry.npmjs.org/@types/scheduler/-/scheduler-0.16.2.tgz",
      "integrity": "sha512-hppQEBDmlwhFAXKJX2KnWLYu5yMfi91yazPb2l+lbJiwW+wdo1gNeRA+3RgNSO39WYX2euey41KEwnqesU2Jew==",
      "dev": true
    },
    "node_modules/call-bind": {
      "version": "1.0.2",
      "resolved": "https://registry.npmjs.org/call-bind/-/call-bind-1.0.2.tgz",
      "integrity": "sha512-7O+FbCihrB5WGbFYesctwmTKae6rOiIzmz1icreWJ+0aA7LJfuqhEso2T9ncpcFtzMQtzXf2QGGueWJGTYsqrA==",
      "dependencies": {
        "function-bind": "^1.1.1",
        "get-intrinsic": "^1.0.2"
      },
      "funding": {
        "url": "https://github.com/sponsors/ljharb"
      }
    },
    "node_modules/core-helpers": {
      "version": "1.0.3",
      "resolved": "https://registry.npmjs.org/core-helpers/-/core-helpers-1.0.3.tgz",
      "integrity": "sha512-zlMHlEtLCVvIz681B10zgPm5eFo7EQW17eYr5USHl9DEbas69XfAcLQcGRnOOTi3e6WC36HiuOSS5yyNiA/Kkg==",
      "dependencies": {
        "lodash": "^4.17.20",
        "tslib": "^2.0.3",
        "type-fest": "^0.13.1"
      },
      "engines": {
        "node": ">=10.0.0"
      }
    },
    "node_modules/cross-fetch": {
      "version": "3.1.4",
      "resolved": "https://registry.npmjs.org/cross-fetch/-/cross-fetch-3.1.4.tgz",
      "integrity": "sha512-1eAtFWdIubi6T4XPy6ei9iUFoKpUkIF971QLN8lIvvvwueI65+Nw5haMNKUwfJxabqlIIDODJKGrQ66gxC0PbQ==",
      "dependencies": {
        "node-fetch": "2.6.1"
      }
    },
    "node_modules/csstype": {
      "version": "3.0.10",
      "resolved": "https://registry.npmjs.org/csstype/-/csstype-3.0.10.tgz",
      "integrity": "sha512-2u44ZG2OcNUO9HDp/Jl8C07x6pU/eTR3ncV91SiK3dhG9TWvRVsCoJw14Ckx5DgWkzGA3waZWO3d7pgqpUI/XA==",
      "dev": true
    },
    "node_modules/cuid": {
      "version": "2.1.8",
      "resolved": "https://registry.npmjs.org/cuid/-/cuid-2.1.8.tgz",
      "integrity": "sha512-xiEMER6E7TlTPnDxrM4eRiC6TRgjNX9xzEZ5U/Se2YJKr7Mq4pJn/2XEHjl3STcSh96GmkHPcBXLES8M29wyyg=="
    },
    "node_modules/debug": {
      "version": "4.3.3",
      "resolved": "https://registry.npmjs.org/debug/-/debug-4.3.3.tgz",
      "integrity": "sha512-/zxw5+vh1Tfv+4Qn7a5nsbcJKPaSvCDhojn6FEl9vupwK2VCSDtEiEtqr8DFtzYFOdz63LBkxec7DYuc2jon6Q==",
      "dependencies": {
        "ms": "2.1.2"
      },
      "engines": {
        "node": ">=6.0"
      },
      "peerDependenciesMeta": {
        "supports-color": {
          "optional": true
        }
      }
    },
    "node_modules/function-bind": {
      "version": "1.1.1",
      "resolved": "https://registry.npmjs.org/function-bind/-/function-bind-1.1.1.tgz",
      "integrity": "sha512-yIovAzMX49sF8Yl58fSCWJ5svSLuaibPxXQJFLmBObTuCr0Mf1KiPopGM9NiFjiYBCbfaa2Fh6breQ6ANVTI0A=="
    },
    "node_modules/get-intrinsic": {
      "version": "1.1.1",
      "resolved": "https://registry.npmjs.org/get-intrinsic/-/get-intrinsic-1.1.1.tgz",
      "integrity": "sha512-kWZrnVM42QCiEA2Ig1bG8zjoIMOgxWwYCEeNdwY6Tv/cOSeGpcoX4pXHfKUxNKVoArnrEr2e9srnAxxGIraS9Q==",
      "dependencies": {
        "function-bind": "^1.1.1",
        "has": "^1.0.3",
        "has-symbols": "^1.0.1"
      },
      "funding": {
        "url": "https://github.com/sponsors/ljharb"
      }
    },
    "node_modules/has": {
      "version": "1.0.3",
      "resolved": "https://registry.npmjs.org/has/-/has-1.0.3.tgz",
      "integrity": "sha512-f2dvO0VU6Oej7RkWJGrehjbzMAjFp5/VKPp5tTpWIV4JHHZK1/BxbFRtf/siA2SWTe09caDmVtYYzWEIbBS4zw==",
      "dependencies": {
        "function-bind": "^1.1.1"
      },
      "engines": {
        "node": ">= 0.4.0"
      }
    },
    "node_modules/has-symbols": {
      "version": "1.0.2",
      "resolved": "https://registry.npmjs.org/has-symbols/-/has-symbols-1.0.2.tgz",
      "integrity": "sha512-chXa79rL/UC2KlX17jo3vRGz0azaWEx5tGqZg5pO3NUyEJVB17dMruQlzCCOfUvElghKcm5194+BCRvi2Rv/Gw==",
      "engines": {
        "node": ">= 0.4"
      },
      "funding": {
        "url": "https://github.com/sponsors/ljharb"
      }
    },
    "node_modules/is-promise": {
      "version": "4.0.0",
      "resolved": "https://registry.npmjs.org/is-promise/-/is-promise-4.0.0.tgz",
      "integrity": "sha512-hvpoI6korhJMnej285dSg6nu1+e6uxs7zG3BYAm5byqDsgJNWwxzM6z6iZiAgQR4TJ30JmBTOwqZUw3WlyH3AQ=="
    },
    "node_modules/js-tokens": {
      "version": "4.0.0",
      "resolved": "https://registry.npmjs.org/js-tokens/-/js-tokens-4.0.0.tgz",
      "integrity": "sha512-RdJUflcE3cUzKiMqQgsCu06FPu9UdIJO0beYbPhHN4k6apgJtifcoCtT9bcxOpYBtpD2kCM6Sbzg4CausW/PKQ=="
    },
    "node_modules/lodash": {
      "version": "4.17.21",
      "resolved": "https://registry.npmjs.org/lodash/-/lodash-4.17.21.tgz",
      "integrity": "sha512-v2kDEe57lecTulaDIuNTPy3Ry4gLGJ6Z1O3vE1krgXZNrsQ+LFTGHVxVjcXPs17LhbZVGedAJv8XZ1tvj5FvSg=="
    },
    "node_modules/loose-envify": {
      "version": "1.4.0",
      "resolved": "https://registry.npmjs.org/loose-envify/-/loose-envify-1.4.0.tgz",
      "integrity": "sha512-lyuxPGr/Wfhrlem2CL/UcnUc1zcqKAImBDzukY7Y5F/yQiNdko6+fRLevlw1HgMySw7f611UIY408EtxRSoK3Q==",
      "dependencies": {
        "js-tokens": "^3.0.0 || ^4.0.0"
      },
      "bin": {
        "loose-envify": "cli.js"
      }
    },
    "node_modules/microbatcher": {
      "version": "2.0.4",
      "resolved": "https://registry.npmjs.org/microbatcher/-/microbatcher-2.0.4.tgz",
      "integrity": "sha512-cS3R5Om624AMELatoNPrze/5nBNrEUuNol9M9H5vyKo40h5cv5NRRYi4i7e/jSIAHqO/eSYeYSHDRdfGb3nQug==",
      "dependencies": {
        "tslib": "^2.3.1"
      },
      "engines": {
        "node": ">=10.0.0"
      }
    },
    "node_modules/ms": {
      "version": "2.1.2",
      "resolved": "https://registry.npmjs.org/ms/-/ms-2.1.2.tgz",
      "integrity": "sha512-sGkPx+VjMtmA6MX27oA4FBFELFCZZ4S4XqeGOXCv68tT+jb3vk/RyaKWP0PTKyWtmLSM0b+adUTEvbs1PEaH2w=="
    },
    "node_modules/node-fetch": {
      "version": "2.6.1",
      "resolved": "https://registry.npmjs.org/node-fetch/-/node-fetch-2.6.1.tgz",
      "integrity": "sha512-V4aYg89jEoVRxRb2fJdAg8FHvI7cEyYdVAh94HH0UIK8oJxUfkjlDQN9RbMx+bEjP7+ggMiFRprSti032Oipxw==",
      "engines": {
        "node": "4.x || >=6.0.0"
      }
    },
    "node_modules/object-assign": {
      "version": "4.1.1",
      "resolved": "https://registry.npmjs.org/object-assign/-/object-assign-4.1.1.tgz",
      "integrity": "sha1-IQmtx5ZYh8/AXLvUQsrIv7s2CGM=",
      "engines": {
        "node": ">=0.10.0"
      }
    },
    "node_modules/object-inspect": {
      "version": "1.12.0",
      "resolved": "https://registry.npmjs.org/object-inspect/-/object-inspect-1.12.0.tgz",
      "integrity": "sha512-Ho2z80bVIvJloH+YzRmpZVQe87+qASmBUKZDWgx9cu+KDrX2ZDH/3tMy+gXbZETVGs2M8YdxObOh7XAtim9Y0g==",
      "funding": {
        "url": "https://github.com/sponsors/ljharb"
      }
    },
    "node_modules/possibly-async": {
      "version": "1.0.4",
      "resolved": "https://registry.npmjs.org/possibly-async/-/possibly-async-1.0.4.tgz",
      "integrity": "sha512-sYSvR1DJQEfaBiuGDmOhKdmYkhQUrzWirgidZZn4BwqGDsO+js+ylRuTowOjtjpYSnvkwjSXD4XKjwJVTRaQPw==",
      "dependencies": {
        "core-helpers": "^1.0.3",
        "is-promise": "^4.0.0",
        "tslib": "^2.0.3"
      },
      "engines": {
        "node": ">=10.0.0"
      }
    },
    "node_modules/qs": {
      "version": "6.10.2",
      "resolved": "https://registry.npmjs.org/qs/-/qs-6.10.2.tgz",
      "integrity": "sha512-mSIdjzqznWgfd4pMii7sHtaYF8rx8861hBO80SraY5GT0XQibWZWJSid0avzHGkDIZLImux2S5mXO0Hfct2QCw==",
      "dependencies": {
        "side-channel": "^1.0.4"
      },
      "engines": {
        "node": ">=0.6"
      },
      "funding": {
        "url": "https://github.com/sponsors/ljharb"
      }
    },
    "node_modules/react": {
      "version": "17.0.2",
      "resolved": "https://registry.npmjs.org/react/-/react-17.0.2.tgz",
      "integrity": "sha512-gnhPt75i/dq/z3/6q/0asP78D0u592D5L1pd7M8P+dck6Fu/jJeL6iVVK23fptSUZj8Vjf++7wXA8UNclGQcbA==",
      "dependencies": {
        "loose-envify": "^1.1.0",
        "object-assign": "^4.1.1"
      },
      "engines": {
        "node": ">=0.10.0"
      }
    },
    "node_modules/react-dom": {
      "version": "17.0.2",
      "resolved": "https://registry.npmjs.org/react-dom/-/react-dom-17.0.2.tgz",
      "integrity": "sha512-s4h96KtLDUQlsENhMn1ar8t2bEa+q/YAtj8pPPdIjPDGBDIVNsrD9aXNWqspUe6AzKCIG0C1HZZLqLV7qpOBGA==",
      "dependencies": {
        "loose-envify": "^1.1.0",
        "object-assign": "^4.1.1",
        "scheduler": "^0.20.2"
      },
      "peerDependencies": {
        "react": "17.0.2"
      }
    },
    "node_modules/scheduler": {
      "version": "0.20.2",
      "resolved": "https://registry.npmjs.org/scheduler/-/scheduler-0.20.2.tgz",
      "integrity": "sha512-2eWfGgAqqWFGqtdMmcL5zCMK1U8KlXv8SQFGglL3CEtd0aDVDWgeF/YoCmvln55m5zSk3J/20hTaSBeSObsQDQ==",
      "dependencies": {
        "loose-envify": "^1.1.0",
        "object-assign": "^4.1.1"
      }
    },
    "node_modules/side-channel": {
      "version": "1.0.4",
      "resolved": "https://registry.npmjs.org/side-channel/-/side-channel-1.0.4.tgz",
      "integrity": "sha512-q5XPytqFEIKHkGdiMIrY10mvLRvnQh42/+GoBlFW3b2LXLE2xxJpZFdm94we0BaoV3RwJyGqg5wS7epxTv0Zvw==",
      "dependencies": {
        "call-bind": "^1.0.0",
        "get-intrinsic": "^1.0.2",
        "object-inspect": "^1.9.0"
      },
      "funding": {
        "url": "https://github.com/sponsors/ljharb"
      }
    },
    "node_modules/simple-cloning": {
      "version": "1.0.1",
      "resolved": "https://registry.npmjs.org/simple-cloning/-/simple-cloning-1.0.1.tgz",
      "integrity": "sha512-CvkjhK4+Gs/rgNjyv+hIMUJGQqOiF4ppsVDsPF5CSC+CR0vW98Z9zJhuYn/srlJ4BCuJJiAWwMOiBi0TBuMEoA==",
      "dependencies": {
        "lodash": "^4.17.20",
        "tslib": "^1.13.0"
      },
      "engines": {
        "node": ">=10.0.0"
      }
    },
    "node_modules/simple-cloning/node_modules/tslib": {
      "version": "1.14.1",
      "resolved": "https://registry.npmjs.org/tslib/-/tslib-1.14.1.tgz",
      "integrity": "sha512-Xni35NKzjgMrwevysHTCArtLDpPvye8zV/0E4EyYn43P7/7qvQwPh9BGkHewbMulVntbigmcT7rdX3BNo9wRJg=="
    },
    "node_modules/simple-forking": {
      "version": "1.0.3",
      "resolved": "https://registry.npmjs.org/simple-forking/-/simple-forking-1.0.3.tgz",
      "integrity": "sha512-9mJ6wb3pOpZYJ9/ht6cDThiXuVxrqQA7k5OZvrTEWLk9UWL/noVm8H42Bi5yOyGtU9hql9vAVmZXKQJZ87hV4w==",
      "dependencies": {
        "core-helpers": "^1.0.3",
        "lodash": "^4.17.20",
        "simple-cloning": "^1.0.1",
        "tslib": "^2.0.3"
      },
      "engines": {
        "node": ">=10.0.0"
      }
    },
    "node_modules/simple-serialization": {
      "version": "1.0.6",
      "resolved": "https://registry.npmjs.org/simple-serialization/-/simple-serialization-1.0.6.tgz",
      "integrity": "sha512-/eKWfEKjMwlzjqjDAqfn49hqwQ4SRTUNoRRfR4miABZDNrxEdb8EyK5QF2him4L+6naOf+sILQfmxJTXxuGRkA==",
      "dependencies": {
        "core-helpers": "^1.0.3",
        "possibly-async": "^1.0.4",
        "tslib": "^2.0.3"
      },
      "engines": {
        "node": ">=10.0.0"
      }
    },
    "node_modules/tslib": {
      "version": "2.3.1",
      "resolved": "https://registry.npmjs.org/tslib/-/tslib-2.3.1.tgz",
      "integrity": "sha512-77EbyPPpMz+FRFRuAFlWMtmgUWGe9UOG2Z25NqCwiIjRhOf5iKGuzSe5P2w1laq+FkRy4p+PCuVkJSGkzTEKVw=="
    },
    "node_modules/type-fest": {
      "version": "0.13.1",
      "resolved": "https://registry.npmjs.org/type-fest/-/type-fest-0.13.1.tgz",
      "integrity": "sha512-34R7HTnG0XIJcBSn5XhDd7nNFPRcXYRZrBB2O2jdKqYODldSzBAqzsWoZYYvduky73toYS/ESqxPvkDf/F0XMg==",
      "engines": {
        "node": ">=10"
      },
      "funding": {
        "url": "https://github.com/sponsors/sindresorhus"
      }
    }
  },
  "dependencies": {
    "@boostr/tsconfig": {
      "version": "1.0.2",
      "resolved": "https://registry.npmjs.org/@boostr/tsconfig/-/tsconfig-1.0.2.tgz",
      "integrity": "sha512-1UacYfED0RrS1TRFK0303h1R8QO3iJvS8CW1UZBaWFZklh/dfS7rf84vLHe1Ir7cVGupynX2SYuLgX1BjURLlA==",
      "dev": true
    },
    "@deepr/runtime": {
      "version": "1.0.6",
      "resolved": "https://registry.npmjs.org/@deepr/runtime/-/runtime-1.0.6.tgz",
      "integrity": "sha512-g8tugVuUGVRfQ0FQeSFYIFcTLpMtn6Rdejq6HwMCfvl8Ke0uwqpfiH+ez0pa7uI2etHHeTJSeZuMY7CooPsb5g==",
      "requires": {
        "core-helpers": "^1.0.3",
        "possibly-async": "^1.0.4",
        "tslib": "^2.0.3"
      }
    },
    "@layr/browser-navigator": {
      "version": "2.0.43",
      "resolved": "https://registry.npmjs.org/@layr/browser-navigator/-/browser-navigator-2.0.43.tgz",
      "integrity": "sha512-U4WRiAVK6Smp9KWW35i4n3OLUALNlQb88jJmqHgvx1TBDS2mam/MbVsaCIgtrPO6nl+OviKuJAYYYqUhOSC91g==",
      "requires": {
        "@layr/navigator": "^2.0.34",
        "core-helpers": "^1.0.3",
        "lodash": "^4.17.21",
        "tslib": "^2.3.1"
      }
    },
    "@layr/component": {
      "version": "2.0.31",
      "resolved": "https://registry.npmjs.org/@layr/component/-/component-2.0.31.tgz",
      "integrity": "sha512-aUdAy0tD72+Rs/Umgn8JJuB72GV5ix7n+YLuMgyx6uS362a94yGB7lGn3jVJDkSYhLqDyfxfXtbTHum6WFM/bA==",
      "requires": {
        "@layr/observable": "^1.0.11",
        "@layr/utilities": "^1.0.5",
        "core-helpers": "^1.0.3",
        "cuid": "^2.1.8",
        "lodash": "^4.17.21",
        "possibly-async": "^1.0.4",
        "simple-cloning": "^1.0.1",
        "simple-forking": "^1.0.3",
        "simple-serialization": "^1.0.6",
        "tslib": "^2.3.1"
      }
    },
    "@layr/component-client": {
      "version": "2.0.54",
      "resolved": "https://registry.npmjs.org/@layr/component-client/-/component-client-2.0.54.tgz",
      "integrity": "sha512-wJ/+G00WVIeVlTtVinjlxSW0+azafuQl9bLcc5hcfSIxie4JBnGbon1Lj497+cK5MiigKodmovBA6COQkr9BHQ==",
      "requires": {
        "@layr/component": "^2.0.31",
        "@layr/component-server": "^2.0.45",
        "core-helpers": "^1.0.3",
        "debug": "^4.3.2",
        "lodash": "^4.17.21",
        "microbatcher": "^2.0.4",
        "possibly-async": "^1.0.4",
        "tslib": "^2.3.1"
      }
    },
    "@layr/component-http-client": {
      "version": "2.0.44",
      "resolved": "https://registry.npmjs.org/@layr/component-http-client/-/component-http-client-2.0.44.tgz",
      "integrity": "sha512-EhwbyB3CdvNisx1drB0wvNg8DgrsAKfOvbdsnRgJM8ha1Iybqp9UuivT64Smljju7UW+54y2J8kSbNQlt1C4dw==",
      "requires": {
        "@layr/component-client": "^2.0.54",
        "@layr/utilities": "^1.0.5",
        "core-helpers": "^1.0.3",
        "cross-fetch": "^3.1.4",
        "tslib": "^2.3.1"
      }
    },
    "@layr/component-server": {
      "version": "2.0.45",
      "resolved": "https://registry.npmjs.org/@layr/component-server/-/component-server-2.0.45.tgz",
      "integrity": "sha512-joR4no9VdcJXf1ZmQtjgzbisqOzrA978CrhqT1Y9ceNh36VjmYzJyXoPwAozFUbxngpjirvHBD4XnJuUuJbt9g==",
      "requires": {
        "@deepr/runtime": "^1.0.6",
        "@layr/component": "^2.0.31",
        "core-helpers": "^1.0.3",
        "debug": "^4.3.2",
        "lodash": "^4.17.21",
        "possibly-async": "^1.0.4",
        "tslib": "^2.3.1"
      }
    },
    "@layr/memory-navigator": {
      "version": "2.0.36",
      "resolved": "https://registry.npmjs.org/@layr/memory-navigator/-/memory-navigator-2.0.36.tgz",
      "integrity": "sha512-aTQVJqWODmDUMohPLWW3RB9dA9K6y8DeMOH2CyPjzVnVmN0wv2V0pu8RctAC0CMhBcFIojrU5UWuqnwvpl13xw==",
      "requires": {
        "@layr/navigator": "^2.0.34",
        "tslib": "^2.3.1"
      }
    },
    "@layr/navigator": {
      "version": "2.0.34",
      "resolved": "https://registry.npmjs.org/@layr/navigator/-/navigator-2.0.34.tgz",
      "integrity": "sha512-T+PIFYxYJtX8yrIYlrrN+0mfz5zIz1zlpbni1BHkvjfLahjP1T63RR3ahRDScEdBlYnqSr05MTe50eokZAyUhg==",
      "requires": {
        "@layr/component": "^2.0.31",
        "@layr/observable": "^1.0.11",
        "core-helpers": "^1.0.3",
        "possibly-async": "^1.0.4",
        "qs": "^6.10.1",
        "tslib": "^2.3.1"
      }
    },
    "@layr/observable": {
      "version": "1.0.11",
      "resolved": "https://registry.npmjs.org/@layr/observable/-/observable-1.0.11.tgz",
      "integrity": "sha512-PK+993MBizLhUFE9N0vNufzGod2cV2qkxGg0pje52tr8nDoMwSh7BMF3TxWPwTXr1YN0DZktxAZqTJ38fUEHOA==",
      "requires": {
        "core-helpers": "^1.0.3",
        "tslib": "^2.3.1"
      }
    },
    "@layr/react-integration": {
      "version": "2.0.109",
      "resolved": "https://registry.npmjs.org/@layr/react-integration/-/react-integration-2.0.109.tgz",
      "integrity": "sha512-GF1jhoW87xbrBRd1hCaStjsu9Aa3R/Jb1QWWLUxo/4yvJl0eA3+Xhc0OprK7JyKvg6fYwSunkUJrl/ec7ViQEA==",
      "requires": {
        "@layr/browser-navigator": "^2.0.43",
        "@layr/component": "^2.0.31",
        "@layr/memory-navigator": "^2.0.36",
        "@layr/navigator": "^2.0.34",
        "@layr/observable": "^1.0.11",
        "@layr/routable": "^2.0.84",
        "@layr/utilities": "^1.0.5",
        "core-helpers": "^1.0.3",
        "lodash": "^4.17.21",
        "tslib": "^2.3.1"
      }
    },
    "@layr/routable": {
      "version": "2.0.84",
      "resolved": "https://registry.npmjs.org/@layr/routable/-/routable-2.0.84.tgz",
      "integrity": "sha512-RIT1G8hWI7rfBAJL9AV9jXivBuXX1jg+0zfX9i3sOdPblkKO1Mwuu0jneoDmT5znv9etOiIwC0MspSzuZ1jUGQ==",
      "requires": {
        "@layr/component": "^2.0.31",
        "@layr/navigator": "^2.0.34",
        "core-helpers": "^1.0.3",
        "debug": "^4.3.2",
        "lodash": "^4.17.21",
        "possibly-async": "^1.0.4",
        "tslib": "^2.3.1"
      }
    },
    "@layr/storable": {
      "version": "2.0.49",
      "resolved": "https://registry.npmjs.org/@layr/storable/-/storable-2.0.49.tgz",
      "integrity": "sha512-FAfR4gflFjzaT/W7XBUD/HI8vbXi4SGJ5vBU1DTt99FNv5+cE+Kkwk+8pYRxEnB6/dA2rk6usFT0e//9ZrK65g==",
      "requires": {
        "@layr/component": "^2.0.31",
        "core-helpers": "^1.0.3",
        "lodash": "^4.17.21",
        "tslib": "^2.3.1"
      }
    },
    "@layr/utilities": {
      "version": "1.0.5",
      "resolved": "https://registry.npmjs.org/@layr/utilities/-/utilities-1.0.5.tgz",
      "integrity": "sha512-GqQ/dnLzU5OEodlM3JtyuKUVSul1UZgcBKqzX2kDwU/K8ANmg6bbG09LILBezbqDcXIKlYPZ9lixVALE+uUTkg==",
      "requires": {
        "tslib": "^2.3.1"
      }
    },
    "@types/node": {
      "version": "14.18.4",
      "resolved": "https://registry.npmjs.org/@types/node/-/node-14.18.4.tgz",
      "integrity": "sha512-swe3lD4izOJWHuxvsZdDFRq6S9i6koJsXOnQKYekhSO5JTizMVirUFgY/bUsaOJQj8oSD4oxmRYPBM/0b6jpdw==",
      "dev": true
    },
    "@types/prop-types": {
      "version": "15.7.4",
      "resolved": "https://registry.npmjs.org/@types/prop-types/-/prop-types-15.7.4.tgz",
      "integrity": "sha512-rZ5drC/jWjrArrS8BR6SIr4cWpW09RNTYt9AMZo3Jwwif+iacXAqgVjm0B0Bv/S1jhDXKHqRVNCbACkJ89RAnQ==",
      "dev": true
    },
    "@types/react": {
      "version": "17.0.38",
      "resolved": "https://registry.npmjs.org/@types/react/-/react-17.0.38.tgz",
      "integrity": "sha512-SI92X1IA+FMnP3qM5m4QReluXzhcmovhZnLNm3pyeQlooi02qI7sLiepEYqT678uNiyc25XfCqxREFpy3W7YhQ==",
      "dev": true,
      "requires": {
        "@types/prop-types": "*",
        "@types/scheduler": "*",
        "csstype": "^3.0.2"
      }
    },
    "@types/react-dom": {
      "version": "17.0.11",
      "resolved": "https://registry.npmjs.org/@types/react-dom/-/react-dom-17.0.11.tgz",
      "integrity": "sha512-f96K3k+24RaLGVu/Y2Ng3e1EbZ8/cVJvypZWd7cy0ofCBaf2lcM46xNhycMZ2xGwbBjRql7hOlZ+e2WlJ5MH3Q==",
      "dev": true,
      "requires": {
        "@types/react": "*"
      }
    },
    "@types/scheduler": {
      "version": "0.16.2",
      "resolved": "https://registry.npmjs.org/@types/scheduler/-/scheduler-0.16.2.tgz",
      "integrity": "sha512-hppQEBDmlwhFAXKJX2KnWLYu5yMfi91yazPb2l+lbJiwW+wdo1gNeRA+3RgNSO39WYX2euey41KEwnqesU2Jew==",
      "dev": true
    },
    "call-bind": {
      "version": "1.0.2",
      "resolved": "https://registry.npmjs.org/call-bind/-/call-bind-1.0.2.tgz",
      "integrity": "sha512-7O+FbCihrB5WGbFYesctwmTKae6rOiIzmz1icreWJ+0aA7LJfuqhEso2T9ncpcFtzMQtzXf2QGGueWJGTYsqrA==",
      "requires": {
        "function-bind": "^1.1.1",
        "get-intrinsic": "^1.0.2"
      }
    },
    "core-helpers": {
      "version": "1.0.3",
      "resolved": "https://registry.npmjs.org/core-helpers/-/core-helpers-1.0.3.tgz",
      "integrity": "sha512-zlMHlEtLCVvIz681B10zgPm5eFo7EQW17eYr5USHl9DEbas69XfAcLQcGRnOOTi3e6WC36HiuOSS5yyNiA/Kkg==",
      "requires": {
        "lodash": "^4.17.20",
        "tslib": "^2.0.3",
        "type-fest": "^0.13.1"
      }
    },
    "cross-fetch": {
      "version": "3.1.4",
      "resolved": "https://registry.npmjs.org/cross-fetch/-/cross-fetch-3.1.4.tgz",
      "integrity": "sha512-1eAtFWdIubi6T4XPy6ei9iUFoKpUkIF971QLN8lIvvvwueI65+Nw5haMNKUwfJxabqlIIDODJKGrQ66gxC0PbQ==",
      "requires": {
        "node-fetch": "2.6.1"
      }
    },
    "csstype": {
      "version": "3.0.10",
      "resolved": "https://registry.npmjs.org/csstype/-/csstype-3.0.10.tgz",
      "integrity": "sha512-2u44ZG2OcNUO9HDp/Jl8C07x6pU/eTR3ncV91SiK3dhG9TWvRVsCoJw14Ckx5DgWkzGA3waZWO3d7pgqpUI/XA==",
      "dev": true
    },
    "cuid": {
      "version": "2.1.8",
      "resolved": "https://registry.npmjs.org/cuid/-/cuid-2.1.8.tgz",
      "integrity": "sha512-xiEMER6E7TlTPnDxrM4eRiC6TRgjNX9xzEZ5U/Se2YJKr7Mq4pJn/2XEHjl3STcSh96GmkHPcBXLES8M29wyyg=="
    },
    "debug": {
      "version": "4.3.3",
      "resolved": "https://registry.npmjs.org/debug/-/debug-4.3.3.tgz",
      "integrity": "sha512-/zxw5+vh1Tfv+4Qn7a5nsbcJKPaSvCDhojn6FEl9vupwK2VCSDtEiEtqr8DFtzYFOdz63LBkxec7DYuc2jon6Q==",
      "requires": {
        "ms": "2.1.2"
      }
    },
    "function-bind": {
      "version": "1.1.1",
      "resolved": "https://registry.npmjs.org/function-bind/-/function-bind-1.1.1.tgz",
      "integrity": "sha512-yIovAzMX49sF8Yl58fSCWJ5svSLuaibPxXQJFLmBObTuCr0Mf1KiPopGM9NiFjiYBCbfaa2Fh6breQ6ANVTI0A=="
    },
    "get-intrinsic": {
      "version": "1.1.1",
      "resolved": "https://registry.npmjs.org/get-intrinsic/-/get-intrinsic-1.1.1.tgz",
      "integrity": "sha512-kWZrnVM42QCiEA2Ig1bG8zjoIMOgxWwYCEeNdwY6Tv/cOSeGpcoX4pXHfKUxNKVoArnrEr2e9srnAxxGIraS9Q==",
      "requires": {
        "function-bind": "^1.1.1",
        "has": "^1.0.3",
        "has-symbols": "^1.0.1"
      }
    },
    "has": {
      "version": "1.0.3",
      "resolved": "https://registry.npmjs.org/has/-/has-1.0.3.tgz",
      "integrity": "sha512-f2dvO0VU6Oej7RkWJGrehjbzMAjFp5/VKPp5tTpWIV4JHHZK1/BxbFRtf/siA2SWTe09caDmVtYYzWEIbBS4zw==",
      "requires": {
        "function-bind": "^1.1.1"
      }
    },
    "has-symbols": {
      "version": "1.0.2",
      "resolved": "https://registry.npmjs.org/has-symbols/-/has-symbols-1.0.2.tgz",
      "integrity": "sha512-chXa79rL/UC2KlX17jo3vRGz0azaWEx5tGqZg5pO3NUyEJVB17dMruQlzCCOfUvElghKcm5194+BCRvi2Rv/Gw=="
    },
    "is-promise": {
      "version": "4.0.0",
      "resolved": "https://registry.npmjs.org/is-promise/-/is-promise-4.0.0.tgz",
      "integrity": "sha512-hvpoI6korhJMnej285dSg6nu1+e6uxs7zG3BYAm5byqDsgJNWwxzM6z6iZiAgQR4TJ30JmBTOwqZUw3WlyH3AQ=="
    },
    "js-tokens": {
      "version": "4.0.0",
      "resolved": "https://registry.npmjs.org/js-tokens/-/js-tokens-4.0.0.tgz",
      "integrity": "sha512-RdJUflcE3cUzKiMqQgsCu06FPu9UdIJO0beYbPhHN4k6apgJtifcoCtT9bcxOpYBtpD2kCM6Sbzg4CausW/PKQ=="
    },
    "lodash": {
      "version": "4.17.21",
      "resolved": "https://registry.npmjs.org/lodash/-/lodash-4.17.21.tgz",
      "integrity": "sha512-v2kDEe57lecTulaDIuNTPy3Ry4gLGJ6Z1O3vE1krgXZNrsQ+LFTGHVxVjcXPs17LhbZVGedAJv8XZ1tvj5FvSg=="
    },
    "loose-envify": {
      "version": "1.4.0",
      "resolved": "https://registry.npmjs.org/loose-envify/-/loose-envify-1.4.0.tgz",
      "integrity": "sha512-lyuxPGr/Wfhrlem2CL/UcnUc1zcqKAImBDzukY7Y5F/yQiNdko6+fRLevlw1HgMySw7f611UIY408EtxRSoK3Q==",
      "requires": {
        "js-tokens": "^3.0.0 || ^4.0.0"
      }
    },
    "microbatcher": {
      "version": "2.0.4",
      "resolved": "https://registry.npmjs.org/microbatcher/-/microbatcher-2.0.4.tgz",
      "integrity": "sha512-cS3R5Om624AMELatoNPrze/5nBNrEUuNol9M9H5vyKo40h5cv5NRRYi4i7e/jSIAHqO/eSYeYSHDRdfGb3nQug==",
      "requires": {
        "tslib": "^2.3.1"
      }
    },
    "ms": {
      "version": "2.1.2",
      "resolved": "https://registry.npmjs.org/ms/-/ms-2.1.2.tgz",
      "integrity": "sha512-sGkPx+VjMtmA6MX27oA4FBFELFCZZ4S4XqeGOXCv68tT+jb3vk/RyaKWP0PTKyWtmLSM0b+adUTEvbs1PEaH2w=="
    },
    "node-fetch": {
      "version": "2.6.1",
      "resolved": "https://registry.npmjs.org/node-fetch/-/node-fetch-2.6.1.tgz",
      "integrity": "sha512-V4aYg89jEoVRxRb2fJdAg8FHvI7cEyYdVAh94HH0UIK8oJxUfkjlDQN9RbMx+bEjP7+ggMiFRprSti032Oipxw=="
    },
    "object-assign": {
      "version": "4.1.1",
      "resolved": "https://registry.npmjs.org/object-assign/-/object-assign-4.1.1.tgz",
      "integrity": "sha1-IQmtx5ZYh8/AXLvUQsrIv7s2CGM="
    },
    "object-inspect": {
      "version": "1.12.0",
      "resolved": "https://registry.npmjs.org/object-inspect/-/object-inspect-1.12.0.tgz",
      "integrity": "sha512-Ho2z80bVIvJloH+YzRmpZVQe87+qASmBUKZDWgx9cu+KDrX2ZDH/3tMy+gXbZETVGs2M8YdxObOh7XAtim9Y0g=="
    },
    "possibly-async": {
      "version": "1.0.4",
      "resolved": "https://registry.npmjs.org/possibly-async/-/possibly-async-1.0.4.tgz",
      "integrity": "sha512-sYSvR1DJQEfaBiuGDmOhKdmYkhQUrzWirgidZZn4BwqGDsO+js+ylRuTowOjtjpYSnvkwjSXD4XKjwJVTRaQPw==",
      "requires": {
        "core-helpers": "^1.0.3",
        "is-promise": "^4.0.0",
        "tslib": "^2.0.3"
      }
    },
    "qs": {
      "version": "6.10.2",
      "resolved": "https://registry.npmjs.org/qs/-/qs-6.10.2.tgz",
      "integrity": "sha512-mSIdjzqznWgfd4pMii7sHtaYF8rx8861hBO80SraY5GT0XQibWZWJSid0avzHGkDIZLImux2S5mXO0Hfct2QCw==",
      "requires": {
        "side-channel": "^1.0.4"
      }
    },
    "react": {
      "version": "17.0.2",
      "resolved": "https://registry.npmjs.org/react/-/react-17.0.2.tgz",
      "integrity": "sha512-gnhPt75i/dq/z3/6q/0asP78D0u592D5L1pd7M8P+dck6Fu/jJeL6iVVK23fptSUZj8Vjf++7wXA8UNclGQcbA==",
      "requires": {
        "loose-envify": "^1.1.0",
        "object-assign": "^4.1.1"
      }
    },
    "react-dom": {
      "version": "17.0.2",
      "resolved": "https://registry.npmjs.org/react-dom/-/react-dom-17.0.2.tgz",
      "integrity": "sha512-s4h96KtLDUQlsENhMn1ar8t2bEa+q/YAtj8pPPdIjPDGBDIVNsrD9aXNWqspUe6AzKCIG0C1HZZLqLV7qpOBGA==",
      "requires": {
        "loose-envify": "^1.1.0",
        "object-assign": "^4.1.1",
        "scheduler": "^0.20.2"
      }
    },
    "scheduler": {
      "version": "0.20.2",
      "resolved": "https://registry.npmjs.org/scheduler/-/scheduler-0.20.2.tgz",
      "integrity": "sha512-2eWfGgAqqWFGqtdMmcL5zCMK1U8KlXv8SQFGglL3CEtd0aDVDWgeF/YoCmvln55m5zSk3J/20hTaSBeSObsQDQ==",
      "requires": {
        "loose-envify": "^1.1.0",
        "object-assign": "^4.1.1"
      }
    },
    "side-channel": {
      "version": "1.0.4",
      "resolved": "https://registry.npmjs.org/side-channel/-/side-channel-1.0.4.tgz",
      "integrity": "sha512-q5XPytqFEIKHkGdiMIrY10mvLRvnQh42/+GoBlFW3b2LXLE2xxJpZFdm94we0BaoV3RwJyGqg5wS7epxTv0Zvw==",
      "requires": {
        "call-bind": "^1.0.0",
        "get-intrinsic": "^1.0.2",
        "object-inspect": "^1.9.0"
      }
    },
    "simple-cloning": {
      "version": "1.0.1",
      "resolved": "https://registry.npmjs.org/simple-cloning/-/simple-cloning-1.0.1.tgz",
      "integrity": "sha512-CvkjhK4+Gs/rgNjyv+hIMUJGQqOiF4ppsVDsPF5CSC+CR0vW98Z9zJhuYn/srlJ4BCuJJiAWwMOiBi0TBuMEoA==",
      "requires": {
        "lodash": "^4.17.20",
        "tslib": "^1.13.0"
      },
      "dependencies": {
        "tslib": {
          "version": "1.14.1",
          "resolved": "https://registry.npmjs.org/tslib/-/tslib-1.14.1.tgz",
          "integrity": "sha512-Xni35NKzjgMrwevysHTCArtLDpPvye8zV/0E4EyYn43P7/7qvQwPh9BGkHewbMulVntbigmcT7rdX3BNo9wRJg=="
        }
      }
    },
    "simple-forking": {
      "version": "1.0.3",
      "resolved": "https://registry.npmjs.org/simple-forking/-/simple-forking-1.0.3.tgz",
      "integrity": "sha512-9mJ6wb3pOpZYJ9/ht6cDThiXuVxrqQA7k5OZvrTEWLk9UWL/noVm8H42Bi5yOyGtU9hql9vAVmZXKQJZ87hV4w==",
      "requires": {
        "core-helpers": "^1.0.3",
        "lodash": "^4.17.20",
        "simple-cloning": "^1.0.1",
        "tslib": "^2.0.3"
      }
    },
    "simple-serialization": {
      "version": "1.0.6",
      "resolved": "https://registry.npmjs.org/simple-serialization/-/simple-serialization-1.0.6.tgz",
      "integrity": "sha512-/eKWfEKjMwlzjqjDAqfn49hqwQ4SRTUNoRRfR4miABZDNrxEdb8EyK5QF2him4L+6naOf+sILQfmxJTXxuGRkA==",
      "requires": {
        "core-helpers": "^1.0.3",
        "possibly-async": "^1.0.4",
        "tslib": "^2.0.3"
      }
    },
    "tslib": {
      "version": "2.3.1",
      "resolved": "https://registry.npmjs.org/tslib/-/tslib-2.3.1.tgz",
      "integrity": "sha512-77EbyPPpMz+FRFRuAFlWMtmgUWGe9UOG2Z25NqCwiIjRhOf5iKGuzSe5P2w1laq+FkRy4p+PCuVkJSGkzTEKVw=="
    },
    "type-fest": {
      "version": "0.13.1",
      "resolved": "https://registry.npmjs.org/type-fest/-/type-fest-0.13.1.tgz",
      "integrity": "sha512-34R7HTnG0XIJcBSn5XhDd7nNFPRcXYRZrBB2O2jdKqYODldSzBAqzsWoZYYvduky73toYS/ESqxPvkDf/F0XMg=="
    }
  }
}
